
Microsoft Visual Studio Solution File, Format Version 12.00
# Visual Studio Version 16
VisualStudioVersion = 16.0.31911.196
MinimumVisualStudioVersion = 10.0.40219.1
Project("{FAE04EC0-301F-11D3-BF4B-00C04F79EFBC}") = "Kursova", "Kursova\Kursova.csproj", "{19F7C626-35B6-4B72-87A5-DB6121010F1A}"
EndProject
Global
	GlobalSection(SolutionConfigurationPlatforms) = preSolution
		Debug|Any CPU = Debug|Any CPU
		Release|Any CPU = Release|Any CPU
	EndGlobalSection
	GlobalSection(ProjectConfigurationPlatforms) = postSolution
		{19F7C626-35B6-4B72-87A5-DB6121010F1A}.Debug|Any CPU.ActiveCfg = Debug|Any CPU
		{19F7C626-35B6-4B72-87A5-DB6121010F1A}.Debug|Any CPU.Build.0 = Debug|Any CPU
		{19F7C626-35B6-4B72-87A5-DB6121010F1A}.Release|Any CPU.ActiveCfg = Release|Any CPU
		{19F7C626-35B6-4B72-87A5-DB6121010F1A}.Release|Any CPU.Build.0 = Release|Any CPU
	EndGlobalSection
	GlobalSection(SolutionProperties) = preSolution
		HideSolutionNode = FALSE
	EndGlobalSection
	GlobalSection(ExtensibilityGlobals) = postSolution
		SolutionGuid = {5718D7D5-C402-438A-8FDF-84DD5638F043}
	EndGlobalSection
EndGlobal
